// !$*UTF8*$!
{
	archiveVersion = 1;
	classes = {
	};
	objectVersion = 46;
	objects = {

/* Begin PBXBuildFile section */
		222E8AA4751F545C05BD3B91 /* libPods-CDCCCEDICT OS X.a in Frameworks */ = {isa = PBXBuildFile; fileRef = 63815CEFBFA73EDDCB57051F /* libPods-CDCCCEDICT OS X.a */; };
		5C1F293280BAF4FBA7696483 /* libPods-CC-CEDICT-downloader.a in Frameworks */ = {isa = PBXBuildFile; fileRef = A912F4C344E677A89D704762 /* libPods-CC-CEDICT-downloader.a */; };
		85088F011C4CD52300396A1B /* AppDelegate.m in Sources */ = {isa = PBXBuildFile; fileRef = 85088F001C4CD52300396A1B /* AppDelegate.m */; };
		85088F041C4CD52300396A1B /* main.m in Sources */ = {isa = PBXBuildFile; fileRef = 85088F031C4CD52300396A1B /* main.m */; };
		85088F071C4CD52300396A1B /* CDCCEDICT_OS_X.xcdatamodeld in Sources */ = {isa = PBXBuildFile; fileRef = 85088F051C4CD52300396A1B /* CDCCEDICT_OS_X.xcdatamodeld */; };
		85088F091C4CD52300396A1B /* Assets.xcassets in Resources */ = {isa = PBXBuildFile; fileRef = 85088F081C4CD52300396A1B /* Assets.xcassets */; };
		85088F0C1C4CD52300396A1B /* MainMenu.xib in Resources */ = {isa = PBXBuildFile; fileRef = 85088F0A1C4CD52300396A1B /* MainMenu.xib */; };
		85088F141C4CD5EF00396A1B /* CDCCCEDICT.m in Sources */ = {isa = PBXBuildFile; fileRef = 85088F131C4CD5EF00396A1B /* CDCCCEDICT.m */; };
		85088F151C4CD5EF00396A1B /* CDCCCEDICT.m in Sources */ = {isa = PBXBuildFile; fileRef = 85088F131C4CD5EF00396A1B /* CDCCCEDICT.m */; };
		85088F181C4CD62500396A1B /* CDSyncer.m in Sources */ = {isa = PBXBuildFile; fileRef = 85088F171C4CD62500396A1B /* CDSyncer.m */; };
		85088F191C4CD62500396A1B /* CDSyncer.m in Sources */ = {isa = PBXBuildFile; fileRef = 85088F171C4CD62500396A1B /* CDSyncer.m */; };
		85088F1A1C4F756700396A1B /* CC-CEDICT.xcdatamodeld in Sources */ = {isa = PBXBuildFile; fileRef = 85C8B7B01BC155C9004E5F64 /* CC-CEDICT.xcdatamodeld */; };
		8517D5651C54D091009BB883 /* Entry+CoreDataProperties.m in Sources */ = {isa = PBXBuildFile; fileRef = 8517D55A1C54D091009BB883 /* Entry+CoreDataProperties.m */; };
		8517D5661C54D091009BB883 /* Entry+CoreDataProperties.m in Sources */ = {isa = PBXBuildFile; fileRef = 8517D55A1C54D091009BB883 /* Entry+CoreDataProperties.m */; };
		8517D5671C54D091009BB883 /* Entry.m in Sources */ = {isa = PBXBuildFile; fileRef = 8517D55C1C54D091009BB883 /* Entry.m */; };
		8517D5681C54D091009BB883 /* Entry.m in Sources */ = {isa = PBXBuildFile; fileRef = 8517D55C1C54D091009BB883 /* Entry.m */; };
		8517D5691C54D091009BB883 /* Chinese_entry+CoreDataProperties.m in Sources */ = {isa = PBXBuildFile; fileRef = 8517D55E1C54D091009BB883 /* Chinese_entry+CoreDataProperties.m */; };
		8517D56A1C54D091009BB883 /* Chinese_entry+CoreDataProperties.m in Sources */ = {isa = PBXBuildFile; fileRef = 8517D55E1C54D091009BB883 /* Chinese_entry+CoreDataProperties.m */; };
		8517D56B1C54D091009BB883 /* Chinese_entry.m in Sources */ = {isa = PBXBuildFile; fileRef = 8517D5601C54D091009BB883 /* Chinese_entry.m */; };
		8517D56C1C54D091009BB883 /* Chinese_entry.m in Sources */ = {isa = PBXBuildFile; fileRef = 8517D5601C54D091009BB883 /* Chinese_entry.m */; };
		8517D56D1C54D091009BB883 /* English_entry+CoreDataProperties.m in Sources */ = {isa = PBXBuildFile; fileRef = 8517D5621C54D091009BB883 /* English_entry+CoreDataProperties.m */; };
		8517D56E1C54D091009BB883 /* English_entry+CoreDataProperties.m in Sources */ = {isa = PBXBuildFile; fileRef = 8517D5621C54D091009BB883 /* English_entry+CoreDataProperties.m */; };
		8517D56F1C54D091009BB883 /* English_entry.m in Sources */ = {isa = PBXBuildFile; fileRef = 8517D5641C54D091009BB883 /* English_entry.m */; };
		8517D5701C54D091009BB883 /* English_entry.m in Sources */ = {isa = PBXBuildFile; fileRef = 8517D5641C54D091009BB883 /* English_entry.m */; };
		85C8B78D1BC155AA004E5F64 /* main.m in Sources */ = {isa = PBXBuildFile; fileRef = 85C8B78C1BC155AA004E5F64 /* main.m */; };
		85C8B7901BC155AA004E5F64 /* AppDelegate.m in Sources */ = {isa = PBXBuildFile; fileRef = 85C8B78F1BC155AA004E5F64 /* AppDelegate.m */; };
		85C8B7931BC155AA004E5F64 /* ViewController.m in Sources */ = {isa = PBXBuildFile; fileRef = 85C8B7921BC155AA004E5F64 /* ViewController.m */; };
		85C8B7961BC155AA004E5F64 /* Main.storyboard in Resources */ = {isa = PBXBuildFile; fileRef = 85C8B7941BC155AA004E5F64 /* Main.storyboard */; };
		85C8B7981BC155AA004E5F64 /* Assets.xcassets in Resources */ = {isa = PBXBuildFile; fileRef = 85C8B7971BC155AA004E5F64 /* Assets.xcassets */; };
		85C8B79B1BC155AA004E5F64 /* LaunchScreen.storyboard in Resources */ = {isa = PBXBuildFile; fileRef = 85C8B7991BC155AA004E5F64 /* LaunchScreen.storyboard */; };
		85C8B7A61BC155AA004E5F64 /* CC_CEDICT_downloaderTests.m in Sources */ = {isa = PBXBuildFile; fileRef = 85C8B7A51BC155AA004E5F64 /* CC_CEDICT_downloaderTests.m */; };
		85C8B7B21BC155C9004E5F64 /* CC-CEDICT.xcdatamodeld in Sources */ = {isa = PBXBuildFile; fileRef = 85C8B7B01BC155C9004E5F64 /* CC-CEDICT.xcdatamodeld */; };
/* End PBXBuildFile section */

/* Begin PBXContainerItemProxy section */
		85C8B7A21BC155AA004E5F64 /* PBXContainerItemProxy */ = {
			isa = PBXContainerItemProxy;
			containerPortal = 85C8B7801BC155AA004E5F64 /* Project object */;
			proxyType = 1;
			remoteGlobalIDString = 85C8B7871BC155AA004E5F64;
			remoteInfo = "CC-CEDICT-downloader";
		};
/* End PBXContainerItemProxy section */

/* Begin PBXFileReference section */
		045357DA6115D64E4045D0F6 /* Pods-CDCCCEDICT OS X.release.xcconfig */ = {isa = PBXFileReference; includeInIndex = 1; lastKnownFileType = text.xcconfig; name = "Pods-CDCCCEDICT OS X.release.xcconfig"; path = "Pods/Target Support Files/Pods-CDCCCEDICT OS X/Pods-CDCCCEDICT OS X.release.xcconfig"; sourceTree = "<group>"; };
		63815CEFBFA73EDDCB57051F /* libPods-CDCCCEDICT OS X.a */ = {isa = PBXFileReference; explicitFileType = archive.ar; includeInIndex = 0; path = "libPods-CDCCCEDICT OS X.a"; sourceTree = BUILT_PRODUCTS_DIR; };
		85088EFD1C4CD52300396A1B /* CDCCCEDICT OS X.app */ = {isa = PBXFileReference; explicitFileType = wrapper.application; includeInIndex = 0; path = "CDCCCEDICT OS X.app"; sourceTree = BUILT_PRODUCTS_DIR; };
		85088EFF1C4CD52300396A1B /* AppDelegate.h */ = {isa = PBXFileReference; lastKnownFileType = sourcecode.c.h; path = AppDelegate.h; sourceTree = "<group>"; };
		85088F001C4CD52300396A1B /* AppDelegate.m */ = {isa = PBXFileReference; lastKnownFileType = sourcecode.c.objc; path = AppDelegate.m; sourceTree = "<group>"; };
		85088F031C4CD52300396A1B /* main.m */ = {isa = PBXFileReference; lastKnownFileType = sourcecode.c.objc; path = main.m; sourceTree = "<group>"; };
		85088F061C4CD52300396A1B /* CDCCEDICT_OS_X.xcdatamodel */ = {isa = PBXFileReference; lastKnownFileType = wrapper.xcdatamodel; path = CDCCEDICT_OS_X.xcdatamodel; sourceTree = "<group>"; };
		85088F081C4CD52300396A1B /* Assets.xcassets */ = {isa = PBXFileReference; lastKnownFileType = folder.assetcatalog; path = Assets.xcassets; sourceTree = "<group>"; };
		85088F0B1C4CD52300396A1B /* Base */ = {isa = PBXFileReference; lastKnownFileType = file.xib; name = Base; path = Base.lproj/MainMenu.xib; sourceTree = "<group>"; };
		85088F0D1C4CD52300396A1B /* Info.plist */ = {isa = PBXFileReference; lastKnownFileType = text.plist.xml; path = Info.plist; sourceTree = "<group>"; };
		85088F121C4CD5EF00396A1B /* CDCCCEDICT.h */ = {isa = PBXFileReference; fileEncoding = 4; lastKnownFileType = sourcecode.c.h; path = CDCCCEDICT.h; sourceTree = "<group>"; };
		85088F131C4CD5EF00396A1B /* CDCCCEDICT.m */ = {isa = PBXFileReference; fileEncoding = 4; lastKnownFileType = sourcecode.c.objc; path = CDCCCEDICT.m; sourceTree = "<group>"; };
		85088F161C4CD62500396A1B /* CDSyncer.h */ = {isa = PBXFileReference; fileEncoding = 4; lastKnownFileType = sourcecode.c.h; path = CDSyncer.h; sourceTree = "<group>"; };
		85088F171C4CD62500396A1B /* CDSyncer.m */ = {isa = PBXFileReference; fileEncoding = 4; lastKnownFileType = sourcecode.c.objc; path = CDSyncer.m; sourceTree = "<group>"; };
		8517D5591C54D091009BB883 /* Entry+CoreDataProperties.h */ = {isa = PBXFileReference; fileEncoding = 4; lastKnownFileType = sourcecode.c.h; path = "Entry+CoreDataProperties.h"; sourceTree = "<group>"; };
		8517D55A1C54D091009BB883 /* Entry+CoreDataProperties.m */ = {isa = PBXFileReference; fileEncoding = 4; lastKnownFileType = sourcecode.c.objc; path = "Entry+CoreDataProperties.m"; sourceTree = "<group>"; };
		8517D55B1C54D091009BB883 /* Entry.h */ = {isa = PBXFileReference; fileEncoding = 4; lastKnownFileType = sourcecode.c.h; path = Entry.h; sourceTree = "<group>"; };
		8517D55C1C54D091009BB883 /* Entry.m */ = {isa = PBXFileReference; fileEncoding = 4; lastKnownFileType = sourcecode.c.objc; path = Entry.m; sourceTree = "<group>"; };
		8517D55D1C54D091009BB883 /* Chinese_entry+CoreDataProperties.h */ = {isa = PBXFileReference; fileEncoding = 4; lastKnownFileType = sourcecode.c.h; path = "Chinese_entry+CoreDataProperties.h"; sourceTree = "<group>"; };
		8517D55E1C54D091009BB883 /* Chinese_entry+CoreDataProperties.m */ = {isa = PBXFileReference; fileEncoding = 4; lastKnownFileType = sourcecode.c.objc; path = "Chinese_entry+CoreDataProperties.m"; sourceTree = "<group>"; };
		8517D55F1C54D091009BB883 /* Chinese_entry.h */ = {isa = PBXFileReference; fileEncoding = 4; lastKnownFileType = sourcecode.c.h; path = Chinese_entry.h; sourceTree = "<group>"; };
		8517D5601C54D091009BB883 /* Chinese_entry.m */ = {isa = PBXFileReference; fileEncoding = 4; lastKnownFileType = sourcecode.c.objc; path = Chinese_entry.m; sourceTree = "<group>"; };
		8517D5611C54D091009BB883 /* English_entry+CoreDataProperties.h */ = {isa = PBXFileReference; fileEncoding = 4; lastKnownFileType = sourcecode.c.h; path = "English_entry+CoreDataProperties.h"; sourceTree = "<group>"; };
		8517D5621C54D091009BB883 /* English_entry+CoreDataProperties.m */ = {isa = PBXFileReference; fileEncoding = 4; lastKnownFileType = sourcecode.c.objc; path = "English_entry+CoreDataProperties.m"; sourceTree = "<group>"; };
		8517D5631C54D091009BB883 /* English_entry.h */ = {isa = PBXFileReference; fileEncoding = 4; lastKnownFileType = sourcecode.c.h; path = English_entry.h; sourceTree = "<group>"; };
		8517D5641C54D091009BB883 /* English_entry.m */ = {isa = PBXFileReference; fileEncoding = 4; lastKnownFileType = sourcecode.c.objc; path = English_entry.m; sourceTree = "<group>"; };
		859CBC331C4FD67C00D9F088 /* libGZIP.a */ = {isa = PBXFileReference; lastKnownFileType = archive.ar; name = libGZIP.a; path = "Pods/../build/Debug-iphoneos/libGZIP.a"; sourceTree = "<group>"; };
		85C8B7881BC155AA004E5F64 /* CC-CEDICT-downloader.app */ = {isa = PBXFileReference; explicitFileType = wrapper.application; includeInIndex = 0; path = "CC-CEDICT-downloader.app"; sourceTree = BUILT_PRODUCTS_DIR; };
		85C8B78C1BC155AA004E5F64 /* main.m */ = {isa = PBXFileReference; lastKnownFileType = sourcecode.c.objc; path = main.m; sourceTree = "<group>"; };
		85C8B78E1BC155AA004E5F64 /* AppDelegate.h */ = {isa = PBXFileReference; lastKnownFileType = sourcecode.c.h; path = AppDelegate.h; sourceTree = "<group>"; };
		85C8B78F1BC155AA004E5F64 /* AppDelegate.m */ = {isa = PBXFileReference; lastKnownFileType = sourcecode.c.objc; path = AppDelegate.m; sourceTree = "<group>"; };
		85C8B7911BC155AA004E5F64 /* ViewController.h */ = {isa = PBXFileReference; lastKnownFileType = sourcecode.c.h; path = ViewController.h; sourceTree = "<group>"; };
		85C8B7921BC155AA004E5F64 /* ViewController.m */ = {isa = PBXFileReference; lastKnownFileType = sourcecode.c.objc; path = ViewController.m; sourceTree = "<group>"; };
		85C8B7951BC155AA004E5F64 /* Base */ = {isa = PBXFileReference; lastKnownFileType = file.storyboard; name = Base; path = Base.lproj/Main.storyboard; sourceTree = "<group>"; };
		85C8B7971BC155AA004E5F64 /* Assets.xcassets */ = {isa = PBXFileReference; lastKnownFileType = folder.assetcatalog; path = Assets.xcassets; sourceTree = "<group>"; };
		85C8B79A1BC155AA004E5F64 /* Base */ = {isa = PBXFileReference; lastKnownFileType = file.storyboard; name = Base; path = Base.lproj/LaunchScreen.storyboard; sourceTree = "<group>"; };
		85C8B79C1BC155AA004E5F64 /* Info.plist */ = {isa = PBXFileReference; lastKnownFileType = text.plist.xml; path = Info.plist; sourceTree = "<group>"; };
		85C8B7A11BC155AA004E5F64 /* CC-CEDICT-downloaderTests.xctest */ = {isa = PBXFileReference; explicitFileType = wrapper.cfbundle; includeInIndex = 0; path = "CC-CEDICT-downloaderTests.xctest"; sourceTree = BUILT_PRODUCTS_DIR; };
		85C8B7A51BC155AA004E5F64 /* CC_CEDICT_downloaderTests.m */ = {isa = PBXFileReference; lastKnownFileType = sourcecode.c.objc; path = CC_CEDICT_downloaderTests.m; sourceTree = "<group>"; };
		85C8B7A71BC155AA004E5F64 /* Info.plist */ = {isa = PBXFileReference; lastKnownFileType = text.plist.xml; path = Info.plist; sourceTree = "<group>"; };
		85C8B7B11BC155C9004E5F64 /* CC-CEDICT.xcdatamodel */ = {isa = PBXFileReference; lastKnownFileType = wrapper.xcdatamodel; path = "CC-CEDICT.xcdatamodel"; sourceTree = "<group>"; };
		86648C17A58FCAF73342CB7F /* libPods.a */ = {isa = PBXFileReference; explicitFileType = archive.ar; includeInIndex = 0; path = libPods.a; sourceTree = BUILT_PRODUCTS_DIR; };
		A912F4C344E677A89D704762 /* libPods-CC-CEDICT-downloader.a */ = {isa = PBXFileReference; explicitFileType = archive.ar; includeInIndex = 0; path = "libPods-CC-CEDICT-downloader.a"; sourceTree = BUILT_PRODUCTS_DIR; };
		CC23E36D81B41F8B97E7155A /* Pods-CC-CEDICT-downloader.debug.xcconfig */ = {isa = PBXFileReference; includeInIndex = 1; lastKnownFileType = text.xcconfig; name = "Pods-CC-CEDICT-downloader.debug.xcconfig"; path = "Pods/Target Support Files/Pods-CC-CEDICT-downloader/Pods-CC-CEDICT-downloader.debug.xcconfig"; sourceTree = "<group>"; };
		D93D0D87C9CB7C51767659F0 /* Pods-CC-CEDICT-downloader.release.xcconfig */ = {isa = PBXFileReference; includeInIndex = 1; lastKnownFileType = text.xcconfig; name = "Pods-CC-CEDICT-downloader.release.xcconfig"; path = "Pods/Target Support Files/Pods-CC-CEDICT-downloader/Pods-CC-CEDICT-downloader.release.xcconfig"; sourceTree = "<group>"; };
		F672B88524392E7CFB9FA0DE /* Pods-CDCCCEDICT OS X.debug.xcconfig */ = {isa = PBXFileReference; includeInIndex = 1; lastKnownFileType = text.xcconfig; name = "Pods-CDCCCEDICT OS X.debug.xcconfig"; path = "Pods/Target Support Files/Pods-CDCCCEDICT OS X/Pods-CDCCCEDICT OS X.debug.xcconfig"; sourceTree = "<group>"; };
/* End PBXFileReference section */

/* Begin PBXFrameworksBuildPhase section */
		85088EFA1C4CD52300396A1B /* Frameworks */ = {
			isa = PBXFrameworksBuildPhase;
			buildActionMask = 2147483647;
			files = (
				222E8AA4751F545C05BD3B91 /* libPods-CDCCCEDICT OS X.a in Frameworks */,
			);
			runOnlyForDeploymentPostprocessing = 0;
		};
		85C8B7851BC155AA004E5F64 /* Frameworks */ = {
			isa = PBXFrameworksBuildPhase;
			buildActionMask = 2147483647;
			files = (
				5C1F293280BAF4FBA7696483 /* libPods-CC-CEDICT-downloader.a in Frameworks */,
			);
			runOnlyForDeploymentPostprocessing = 0;
		};
		85C8B79E1BC155AA004E5F64 /* Frameworks */ = {
			isa = PBXFrameworksBuildPhase;
			buildActionMask = 2147483647;
			files = (
			);
			runOnlyForDeploymentPostprocessing = 0;
		};
/* End PBXFrameworksBuildPhase section */

/* Begin PBXGroup section */
		85088EC51C4A542700396A1B /* internal Core Data subclasses */ = {
			isa = PBXGroup;
			children = (
				8517D55D1C54D091009BB883 /* Chinese_entry+CoreDataProperties.h */,
				8517D55E1C54D091009BB883 /* Chinese_entry+CoreDataProperties.m */,
				8517D55F1C54D091009BB883 /* Chinese_entry.h */,
				8517D5601C54D091009BB883 /* Chinese_entry.m */,
				8517D5611C54D091009BB883 /* English_entry+CoreDataProperties.h */,
				8517D5621C54D091009BB883 /* English_entry+CoreDataProperties.m */,
				8517D5631C54D091009BB883 /* English_entry.h */,
				8517D5641C54D091009BB883 /* English_entry.m */,
				8517D5591C54D091009BB883 /* Entry+CoreDataProperties.h */,
				8517D55A1C54D091009BB883 /* Entry+CoreDataProperties.m */,
				8517D55B1C54D091009BB883 /* Entry.h */,
				8517D55C1C54D091009BB883 /* Entry.m */,
			);
			path = "internal Core Data subclasses";
			sourceTree = "<group>";
		};
		85088EFE1C4CD52300396A1B /* CDCCEDICT OS X */ = {
			isa = PBXGroup;
			children = (
				85088F021C4CD52300396A1B /* Supporting Files */,
				85088EFF1C4CD52300396A1B /* AppDelegate.h */,
				85088F001C4CD52300396A1B /* AppDelegate.m */,
				85088F081C4CD52300396A1B /* Assets.xcassets */,
				85088F051C4CD52300396A1B /* CDCCEDICT_OS_X.xcdatamodeld */,
				85088F0D1C4CD52300396A1B /* Info.plist */,
				85088F0A1C4CD52300396A1B /* MainMenu.xib */,
			);
			path = "CDCCEDICT OS X";
			sourceTree = "<group>";
		};
		85088F021C4CD52300396A1B /* Supporting Files */ = {
			isa = PBXGroup;
			children = (
				85088F031C4CD52300396A1B /* main.m */,
			);
			path = "Supporting Files";
			sourceTree = "<group>";
		};
		85088F111C4CD53300396A1B /* CoreDataCCCEDICT */ = {
			isa = PBXGroup;
			children = (
				85088EC51C4A542700396A1B /* internal Core Data subclasses */,
				85C8B7B01BC155C9004E5F64 /* CC-CEDICT.xcdatamodeld */,
				85088F121C4CD5EF00396A1B /* CDCCCEDICT.h */,
				85088F131C4CD5EF00396A1B /* CDCCCEDICT.m */,
				85088F161C4CD62500396A1B /* CDSyncer.h */,
				85088F171C4CD62500396A1B /* CDSyncer.m */,
			);
			path = CoreDataCCCEDICT;
			sourceTree = "<group>";
		};
		85088F271C4F7A6300396A1B /* Targets */ = {
			isa = PBXGroup;
			children = (
				85088EFE1C4CD52300396A1B /* CDCCEDICT OS X */,
				85C8B78A1BC155AA004E5F64 /* CDCCEDICT iOS */,
				85C8B7A41BC155AA004E5F64 /* CDCCEDICT iOS tests */,
			);
			path = Targets;
			sourceTree = "<group>";
		};
		8517D5501C514CDA009BB883 /* Categories */ = {
			isa = PBXGroup;
			children = (
			);
			path = Categories;
			sourceTree = "<group>";
		};
		859CBC351C4FFF7100D9F088 /* Libs */ = {
			isa = PBXGroup;
			children = (
			);
			path = Libs;
			sourceTree = "<group>";
		};
		85C8B77F1BC155AA004E5F64 = {
			isa = PBXGroup;
			children = (
				8517D5501C514CDA009BB883 /* Categories */,
				85088F111C4CD53300396A1B /* CoreDataCCCEDICT */,
				BF63B3AE55D029DB516EE5B3 /* Frameworks */,
				859CBC351C4FFF7100D9F088 /* Libs */,
				A6886455715D43FB2D54DDFF /* Pods */,
				85C8B7891BC155AA004E5F64 /* Products */,
				85088F271C4F7A6300396A1B /* Targets */,
			);
			sourceTree = "<group>";
		};
		85C8B7891BC155AA004E5F64 /* Products */ = {
			isa = PBXGroup;
			children = (
				85C8B7881BC155AA004E5F64 /* CC-CEDICT-downloader.app */,
				85C8B7A11BC155AA004E5F64 /* CC-CEDICT-downloaderTests.xctest */,
				85088EFD1C4CD52300396A1B /* CDCCCEDICT OS X.app */,
			);
			name = Products;
			sourceTree = "<group>";
		};
		85C8B78A1BC155AA004E5F64 /* CDCCEDICT iOS */ = {
			isa = PBXGroup;
			children = (
				85C8B78B1BC155AA004E5F64 /* Supporting Files */,
				85C8B78E1BC155AA004E5F64 /* AppDelegate.h */,
				85C8B78F1BC155AA004E5F64 /* AppDelegate.m */,
				85C8B7971BC155AA004E5F64 /* Assets.xcassets */,
				85C8B79C1BC155AA004E5F64 /* Info.plist */,
				85C8B7991BC155AA004E5F64 /* LaunchScreen.storyboard */,
				85C8B7941BC155AA004E5F64 /* Main.storyboard */,
				85C8B7911BC155AA004E5F64 /* ViewController.h */,
				85C8B7921BC155AA004E5F64 /* ViewController.m */,
			);
			path = "CDCCEDICT iOS";
			sourceTree = "<group>";
		};
		85C8B78B1BC155AA004E5F64 /* Supporting Files */ = {
			isa = PBXGroup;
			children = (
				85C8B78C1BC155AA004E5F64 /* main.m */,
			);
			path = "Supporting Files";
			sourceTree = "<group>";
		};
		85C8B7A41BC155AA004E5F64 /* CDCCEDICT iOS tests */ = {
			isa = PBXGroup;
			children = (
				85C8B7A51BC155AA004E5F64 /* CC_CEDICT_downloaderTests.m */,
				85C8B7A71BC155AA004E5F64 /* Info.plist */,
			);
			path = "CDCCEDICT iOS tests";
			sourceTree = "<group>";
		};
		A6886455715D43FB2D54DDFF /* Pods */ = {
			isa = PBXGroup;
			children = (
				CC23E36D81B41F8B97E7155A /* Pods-CC-CEDICT-downloader.debug.xcconfig */,
				D93D0D87C9CB7C51767659F0 /* Pods-CC-CEDICT-downloader.release.xcconfig */,
				F672B88524392E7CFB9FA0DE /* Pods-CDCCCEDICT OS X.debug.xcconfig */,
				045357DA6115D64E4045D0F6 /* Pods-CDCCCEDICT OS X.release.xcconfig */,
			);
			name = Pods;
			sourceTree = "<group>";
		};
		BF63B3AE55D029DB516EE5B3 /* Frameworks */ = {
			isa = PBXGroup;
			children = (
				859CBC331C4FD67C00D9F088 /* libGZIP.a */,
				A912F4C344E677A89D704762 /* libPods-CC-CEDICT-downloader.a */,
				86648C17A58FCAF73342CB7F /* libPods.a */,
				63815CEFBFA73EDDCB57051F /* libPods-CDCCCEDICT OS X.a */,
			);
			name = Frameworks;
			sourceTree = "<group>";
		};
/* End PBXGroup section */

/* Begin PBXNativeTarget section */
		85088EFC1C4CD52300396A1B /* CDCCCEDICT OS X */ = {
			isa = PBXNativeTarget;
			buildConfigurationList = 85088F101C4CD52300396A1B /* Build configuration list for PBXNativeTarget "CDCCCEDICT OS X" */;
			buildPhases = (
				8EA00643E6890A92BE1D49C4 /* Check Pods Manifest.lock */,
				85088EF91C4CD52300396A1B /* Sources */,
				85088EFA1C4CD52300396A1B /* Frameworks */,
				85088EFB1C4CD52300396A1B /* Resources */,
				DA8E421ABBF6D2252FE430A2 /* Embed Pods Frameworks */,
				08714D613AC26DA94CE57D95 /* Copy Pods Resources */,
			);
			buildRules = (
			);
			dependencies = (
			);
			name = "CDCCCEDICT OS X";
			productName = "CDCCEDICT OS X";
			productReference = 85088EFD1C4CD52300396A1B /* CDCCCEDICT OS X.app */;
			productType = "com.apple.product-type.application";
		};
		85C8B7871BC155AA004E5F64 /* CC-CEDICT-downloader */ = {
			isa = PBXNativeTarget;
			buildConfigurationList = 85C8B7AA1BC155AA004E5F64 /* Build configuration list for PBXNativeTarget "CC-CEDICT-downloader" */;
			buildPhases = (
				D6F8F0161B1D81B29169577F /* Check Pods Manifest.lock */,
				85C8B7841BC155AA004E5F64 /* Sources */,
				85C8B7851BC155AA004E5F64 /* Frameworks */,
				85C8B7861BC155AA004E5F64 /* Resources */,
				3F821D7F37BC85688E7B8EEE /* Embed Pods Frameworks */,
				6368734D59237D943A5F0D13 /* Copy Pods Resources */,
			);
			buildRules = (
			);
			dependencies = (
			);
			name = "CC-CEDICT-downloader";
			productName = "CC-CEDICT-downloader";
			productReference = 85C8B7881BC155AA004E5F64 /* CC-CEDICT-downloader.app */;
			productType = "com.apple.product-type.application";
		};
		85C8B7A01BC155AA004E5F64 /* CC-CEDICT-downloaderTests */ = {
			isa = PBXNativeTarget;
			buildConfigurationList = 85C8B7AD1BC155AA004E5F64 /* Build configuration list for PBXNativeTarget "CC-CEDICT-downloaderTests" */;
			buildPhases = (
				85C8B79D1BC155AA004E5F64 /* Sources */,
				85C8B79E1BC155AA004E5F64 /* Frameworks */,
				85C8B79F1BC155AA004E5F64 /* Resources */,
			);
			buildRules = (
			);
			dependencies = (
				85C8B7A31BC155AA004E5F64 /* PBXTargetDependency */,
			);
			name = "CC-CEDICT-downloaderTests";
			productName = "CC-CEDICT-downloaderTests";
			productReference = 85C8B7A11BC155AA004E5F64 /* CC-CEDICT-downloaderTests.xctest */;
			productType = "com.apple.product-type.bundle.unit-test";
		};
/* End PBXNativeTarget section */

/* Begin PBXProject section */
		85C8B7801BC155AA004E5F64 /* Project object */ = {
			isa = PBXProject;
			attributes = {
				LastUpgradeCheck = 0700;
				TargetAttributes = {
					85088EFC1C4CD52300396A1B = {
						CreatedOnToolsVersion = 7.2;
					};
					85C8B7871BC155AA004E5F64 = {
						CreatedOnToolsVersion = 7.0;
					};
					85C8B7A01BC155AA004E5F64 = {
						CreatedOnToolsVersion = 7.0;
						TestTargetID = 85C8B7871BC155AA004E5F64;
					};
				};
			};
			buildConfigurationList = 85C8B7831BC155AA004E5F64 /* Build configuration list for PBXProject "CC-CEDICT-downloader" */;
			compatibilityVersion = "Xcode 3.2";
			developmentRegion = English;
			hasScannedForEncodings = 0;
			knownRegions = (
				en,
				Base,
			);
			mainGroup = 85C8B77F1BC155AA004E5F64;
			productRefGroup = 85C8B7891BC155AA004E5F64 /* Products */;
			projectDirPath = "";
			projectRoot = "";
			targets = (
				85C8B7871BC155AA004E5F64 /* CC-CEDICT-downloader */,
				85C8B7A01BC155AA004E5F64 /* CC-CEDICT-downloaderTests */,
				85088EFC1C4CD52300396A1B /* CDCCCEDICT OS X */,
			);
		};
/* End PBXProject section */

/* Begin PBXResourcesBuildPhase section */
		85088EFB1C4CD52300396A1B /* Resources */ = {
			isa = PBXResourcesBuildPhase;
			buildActionMask = 2147483647;
			files = (
				85088F091C4CD52300396A1B /* Assets.xcassets in Resources */,
				85088F0C1C4CD52300396A1B /* MainMenu.xib in Resources */,
			);
			runOnlyForDeploymentPostprocessing = 0;
		};
		85C8B7861BC155AA004E5F64 /* Resources */ = {
			isa = PBXResourcesBuildPhase;
			buildActionMask = 2147483647;
			files = (
				85C8B79B1BC155AA004E5F64 /* LaunchScreen.storyboard in Resources */,
				85C8B7981BC155AA004E5F64 /* Assets.xcassets in Resources */,
				85C8B7961BC155AA004E5F64 /* Main.storyboard in Resources */,
			);
			runOnlyForDeploymentPostprocessing = 0;
		};
		85C8B79F1BC155AA004E5F64 /* Resources */ = {
			isa = PBXResourcesBuildPhase;
			buildActionMask = 2147483647;
			files = (
			);
			runOnlyForDeploymentPostprocessing = 0;
		};
/* End PBXResourcesBuildPhase section */

/* Begin PBXShellScriptBuildPhase section */
		08714D613AC26DA94CE57D95 /* Copy Pods Resources */ = {
			isa = PBXShellScriptBuildPhase;
			buildActionMask = 2147483647;
			files = (
			);
			inputPaths = (
			);
			name = "Copy Pods Resources";
			outputPaths = (
			);
			runOnlyForDeploymentPostprocessing = 0;
			shellPath = /bin/sh;
			shellScript = "\"${SRCROOT}/Pods/Target Support Files/Pods-CDCCCEDICT OS X/Pods-CDCCCEDICT OS X-resources.sh\"\n";
			showEnvVarsInLog = 0;
		};
		3F821D7F37BC85688E7B8EEE /* Embed Pods Frameworks */ = {
			isa = PBXShellScriptBuildPhase;
			buildActionMask = 2147483647;
			files = (
			);
			inputPaths = (
			);
			name = "Embed Pods Frameworks";
			outputPaths = (
			);
			runOnlyForDeploymentPostprocessing = 0;
			shellPath = /bin/sh;
			shellScript = "\"${SRCROOT}/Pods/Target Support Files/Pods-CC-CEDICT-downloader/Pods-CC-CEDICT-downloader-frameworks.sh\"\n";
			showEnvVarsInLog = 0;
		};
		6368734D59237D943A5F0D13 /* Copy Pods Resources */ = {
			isa = PBXShellScriptBuildPhase;
			buildActionMask = 2147483647;
			files = (
			);
			inputPaths = (
			);
			name = "Copy Pods Resources";
			outputPaths = (
			);
			runOnlyForDeploymentPostprocessing = 0;
			shellPath = /bin/sh;
			shellScript = "\"${SRCROOT}/Pods/Target Support Files/Pods-CC-CEDICT-downloader/Pods-CC-CEDICT-downloader-resources.sh\"\n";
			showEnvVarsInLog = 0;
		};
		8EA00643E6890A92BE1D49C4 /* Check Pods Manifest.lock */ = {
			isa = PBXShellScriptBuildPhase;
			buildActionMask = 2147483647;
			files = (
			);
			inputPaths = (
			);
			name = "Check Pods Manifest.lock";
			outputPaths = (
			);
			runOnlyForDeploymentPostprocessing = 0;
			shellPath = /bin/sh;
			shellScript = "diff \"${PODS_ROOT}/../Podfile.lock\" \"${PODS_ROOT}/Manifest.lock\" > /dev/null\nif [[ $? != 0 ]] ; then\n    cat << EOM\nerror: The sandbox is not in sync with the Podfile.lock. Run 'pod install' or update your CocoaPods installation.\nEOM\n    exit 1\nfi\n";
			showEnvVarsInLog = 0;
		};
		D6F8F0161B1D81B29169577F /* Check Pods Manifest.lock */ = {
			isa = PBXShellScriptBuildPhase;
			buildActionMask = 2147483647;
			files = (
			);
			inputPaths = (
			);
			name = "Check Pods Manifest.lock";
			outputPaths = (
			);
			runOnlyForDeploymentPostprocessing = 0;
			shellPath = /bin/sh;
			shellScript = "diff \"${PODS_ROOT}/../Podfile.lock\" \"${PODS_ROOT}/Manifest.lock\" > /dev/null\nif [[ $? != 0 ]] ; then\n    cat << EOM\nerror: The sandbox is not in sync with the Podfile.lock. Run 'pod install' or update your CocoaPods installation.\nEOM\n    exit 1\nfi\n";
			showEnvVarsInLog = 0;
		};
		DA8E421ABBF6D2252FE430A2 /* Embed Pods Frameworks */ = {
			isa = PBXShellScriptBuildPhase;
			buildActionMask = 2147483647;
			files = (
			);
			inputPaths = (
			);
			name = "Embed Pods Frameworks";
			outputPaths = (
			);
			runOnlyForDeploymentPostprocessing = 0;
			shellPath = /bin/sh;
			shellScript = "\"${SRCROOT}/Pods/Target Support Files/Pods-CDCCCEDICT OS X/Pods-CDCCCEDICT OS X-frameworks.sh\"\n";
			showEnvVarsInLog = 0;
		};
/* End PBXShellScriptBuildPhase section */

/* Begin PBXSourcesBuildPhase section */
		85088EF91C4CD52300396A1B /* Sources */ = {
			isa = PBXSourcesBuildPhase;
			buildActionMask = 2147483647;
			files = (
				85088F1A1C4F756700396A1B /* CC-CEDICT.xcdatamodeld in Sources */,
				8517D5661C54D091009BB883 /* Entry+CoreDataProperties.m in Sources */,
				85088F151C4CD5EF00396A1B /* CDCCCEDICT.m in Sources */,
				85088F041C4CD52300396A1B /* main.m in Sources */,
				8517D56A1C54D091009BB883 /* Chinese_entry+CoreDataProperties.m in Sources */,
				8517D5681C54D091009BB883 /* Entry.m in Sources */,
				85088F071C4CD52300396A1B /* CDCCEDICT_OS_X.xcdatamodeld in Sources */,
				85088F191C4CD62500396A1B /* CDSyncer.m in Sources */,
				8517D56C1C54D091009BB883 /* Chinese_entry.m in Sources */,
				8517D5701C54D091009BB883 /* English_entry.m in Sources */,
				8517D56E1C54D091009BB883 /* English_entry+CoreDataProperties.m in Sources */,
				85088F011C4CD52300396A1B /* AppDelegate.m in Sources */,
			);
			runOnlyForDeploymentPostprocessing = 0;
		};
		85C8B7841BC155AA004E5F64 /* Sources */ = {
			isa = PBXSourcesBuildPhase;
			buildActionMask = 2147483647;
			files = (
				85C8B7931BC155AA004E5F64 /* ViewController.m in Sources */,
				8517D5651C54D091009BB883 /* Entry+CoreDataProperties.m in Sources */,
				85088F141C4CD5EF00396A1B /* CDCCCEDICT.m in Sources */,
				85C8B7B21BC155C9004E5F64 /* CC-CEDICT.xcdatamodeld in Sources */,
				8517D5691C54D091009BB883 /* Chinese_entry+CoreDataProperties.m in Sources */,
				8517D5671C54D091009BB883 /* Entry.m in Sources */,
				85C8B7901BC155AA004E5F64 /* AppDelegate.m in Sources */,
				85088F181C4CD62500396A1B /* CDSyncer.m in Sources */,
				8517D56B1C54D091009BB883 /* Chinese_entry.m in Sources */,
				8517D56F1C54D091009BB883 /* English_entry.m in Sources */,
				8517D56D1C54D091009BB883 /* English_entry+CoreDataProperties.m in Sources */,
				85C8B78D1BC155AA004E5F64 /* main.m in Sources */,
			);
			runOnlyForDeploymentPostprocessing = 0;
		};
		85C8B79D1BC155AA004E5F64 /* Sources */ = {
			isa = PBXSourcesBuildPhase;
			buildActionMask = 2147483647;
			files = (
				85C8B7A61BC155AA004E5F64 /* CC_CEDICT_downloaderTests.m in Sources */,
			);
			runOnlyForDeploymentPostprocessing = 0;
		};
/* End PBXSourcesBuildPhase section */

/* Begin PBXTargetDependency section */
		85C8B7A31BC155AA004E5F64 /* PBXTargetDependency */ = {
			isa = PBXTargetDependency;
			target = 85C8B7871BC155AA004E5F64 /* CC-CEDICT-downloader */;
			targetProxy = 85C8B7A21BC155AA004E5F64 /* PBXContainerItemProxy */;
		};
/* End PBXTargetDependency section */

/* Begin PBXVariantGroup section */
		85088F0A1C4CD52300396A1B /* MainMenu.xib */ = {
			isa = PBXVariantGroup;
			children = (
				85088F0B1C4CD52300396A1B /* Base */,
			);
			name = MainMenu.xib;
			path = .;
			sourceTree = "<group>";
		};
		85C8B7941BC155AA004E5F64 /* Main.storyboard */ = {
			isa = PBXVariantGroup;
			children = (
				85C8B7951BC155AA004E5F64 /* Base */,
			);
			name = Main.storyboard;
			path = .;
			sourceTree = "<group>";
		};
		85C8B7991BC155AA004E5F64 /* LaunchScreen.storyboard */ = {
			isa = PBXVariantGroup;
			children = (
				85C8B79A1BC155AA004E5F64 /* Base */,
			);
			name = LaunchScreen.storyboard;
			path = .;
			sourceTree = "<group>";
		};
/* End PBXVariantGroup section */

/* Begin XCBuildConfiguration section */
		85088F0E1C4CD52300396A1B /* Debug */ = {
			isa = XCBuildConfiguration;
			baseConfigurationReference = F672B88524392E7CFB9FA0DE /* Pods-CDCCCEDICT OS X.debug.xcconfig */;
			buildSettings = {
				ASSETCATALOG_COMPILER_APPICON_NAME = AppIcon;
				CODE_SIGN_IDENTITY = "-";
				COMBINE_HIDPI_IMAGES = YES;
				ENABLE_BITCODE = NO;
				INFOPLIST_FILE = "Targets/CDCCEDICT OS X/Info.plist";
				LD_RUNPATH_SEARCH_PATHS = "$(inherited) @executable_path/../Frameworks";
				LIBRARY_SEARCH_PATHS = (
					"$(inherited)",
					"$(PROJECT_DIR)/build/Debug-iphoneos",
				);
				MACOSX_DEPLOYMENT_TARGET = 10.11;
				OTHER_LDFLAGS = (
					"$(inherited)",
					"-ObjC",
				);
				PRODUCT_BUNDLE_IDENTIFIER = "com.klurig.CDCCEDICT-OS-X";
				PRODUCT_NAME = "$(TARGET_NAME)";
				SDKROOT = macosx;
			};
			name = Debug;
		};
		85088F0F1C4CD52300396A1B /* Release */ = {
			isa = XCBuildConfiguration;
			baseConfigurationReference = 045357DA6115D64E4045D0F6 /* Pods-CDCCCEDICT OS X.release.xcconfig */;
			buildSettings = {
				ASSETCATALOG_COMPILER_APPICON_NAME = AppIcon;
				CODE_SIGN_IDENTITY = "-";
				COMBINE_HIDPI_IMAGES = YES;
				ENABLE_BITCODE = NO;
				INFOPLIST_FILE = "Targets/CDCCEDICT OS X/Info.plist";
				LD_RUNPATH_SEARCH_PATHS = "$(inherited) @executable_path/../Frameworks";
				LIBRARY_SEARCH_PATHS = (
					"$(inherited)",
					"$(PROJECT_DIR)/build/Debug-iphoneos",
				);
				MACOSX_DEPLOYMENT_TARGET = 10.11;
				OTHER_LDFLAGS = (
					"$(inherited)",
					"-ObjC",
				);
				PRODUCT_BUNDLE_IDENTIFIER = "com.klurig.CDCCEDICT-OS-X";
				PRODUCT_NAME = "$(TARGET_NAME)";
				SDKROOT = macosx;
			};
			name = Release;
		};
		85C8B7A81BC155AA004E5F64 /* Debug */ = {
			isa = XCBuildConfiguration;
			buildSettings = {
				ALWAYS_SEARCH_USER_PATHS = NO;
				CLANG_CXX_LANGUAGE_STANDARD = "gnu++0x";
				CLANG_CXX_LIBRARY = "libc++";
				CLANG_ENABLE_MODULES = YES;
				CLANG_ENABLE_OBJC_ARC = YES;
				CLANG_WARN_BOOL_CONVERSION = YES;
				CLANG_WARN_CONSTANT_CONVERSION = YES;
				CLANG_WARN_DIRECT_OBJC_ISA_USAGE = YES_ERROR;
				CLANG_WARN_EMPTY_BODY = YES;
				CLANG_WARN_ENUM_CONVERSION = YES;
				CLANG_WARN_INT_CONVERSION = YES;
				CLANG_WARN_OBJC_ROOT_CLASS = YES_ERROR;
				CLANG_WARN_UNREACHABLE_CODE = YES;
				CLANG_WARN__DUPLICATE_METHOD_MATCH = YES;
				"CODE_SIGN_IDENTITY[sdk=iphoneos*]" = "iPhone Developer";
				COPY_PHASE_STRIP = NO;
				DEBUG_INFORMATION_FORMAT = dwarf;
				ENABLE_BITCODE = YES;
				ENABLE_STRICT_OBJC_MSGSEND = YES;
				ENABLE_TESTABILITY = YES;
				GCC_C_LANGUAGE_STANDARD = gnu99;
				GCC_DYNAMIC_NO_PIC = NO;
				GCC_NO_COMMON_BLOCKS = YES;
				GCC_OPTIMIZATION_LEVEL = 0;
				GCC_PREPROCESSOR_DEFINITIONS = (
					"DEBUG=1",
					"$(inherited)",
				);
				GCC_WARN_64_TO_32_BIT_CONVERSION = YES;
				GCC_WARN_ABOUT_RETURN_TYPE = YES_ERROR;
				GCC_WARN_UNDECLARED_SELECTOR = YES;
				GCC_WARN_UNINITIALIZED_AUTOS = YES_AGGRESSIVE;
				GCC_WARN_UNUSED_FUNCTION = YES;
				GCC_WARN_UNUSED_VARIABLE = YES;
				IPHONEOS_DEPLOYMENT_TARGET = 9.0;
				MTL_ENABLE_DEBUG_INFO = YES;
				ONLY_ACTIVE_ARCH = YES;
				SDKROOT = iphoneos;
			};
			name = Debug;
		};
		85C8B7A91BC155AA004E5F64 /* Release */ = {
			isa = XCBuildConfiguration;
			buildSettings = {
				ALWAYS_SEARCH_USER_PATHS = NO;
				CLANG_CXX_LANGUAGE_STANDARD = "gnu++0x";
				CLANG_CXX_LIBRARY = "libc++";
				CLANG_ENABLE_MODULES = YES;
				CLANG_ENABLE_OBJC_ARC = YES;
				CLANG_WARN_BOOL_CONVERSION = YES;
				CLANG_WARN_CONSTANT_CONVERSION = YES;
				CLANG_WARN_DIRECT_OBJC_ISA_USAGE = YES_ERROR;
				CLANG_WARN_EMPTY_BODY = YES;
				CLANG_WARN_ENUM_CONVERSION = YES;
				CLANG_WARN_INT_CONVERSION = YES;
				CLANG_WARN_OBJC_ROOT_CLASS = YES_ERROR;
				CLANG_WARN_UNREACHABLE_CODE = YES;
				CLANG_WARN__DUPLICATE_METHOD_MATCH = YES;
				"CODE_SIGN_IDENTITY[sdk=iphoneos*]" = "iPhone Developer";
				COPY_PHASE_STRIP = NO;
				DEBUG_INFORMATION_FORMAT = "dwarf-with-dsym";
				ENABLE_BITCODE = YES;
				ENABLE_NS_ASSERTIONS = NO;
				ENABLE_STRICT_OBJC_MSGSEND = YES;
				GCC_C_LANGUAGE_STANDARD = gnu99;
				GCC_NO_COMMON_BLOCKS = YES;
				GCC_WARN_64_TO_32_BIT_CONVERSION = YES;
				GCC_WARN_ABOUT_RETURN_TYPE = YES_ERROR;
				GCC_WARN_UNDECLARED_SELECTOR = YES;
				GCC_WARN_UNINITIALIZED_AUTOS = YES_AGGRESSIVE;
				GCC_WARN_UNUSED_FUNCTION = YES;
				GCC_WARN_UNUSED_VARIABLE = YES;
				IPHONEOS_DEPLOYMENT_TARGET = 9.0;
				MTL_ENABLE_DEBUG_INFO = NO;
				SDKROOT = iphoneos;
				VALIDATE_PRODUCT = YES;
			};
			name = Release;
		};
		85C8B7AB1BC155AA004E5F64 /* Debug */ = {
			isa = XCBuildConfiguration;
			baseConfigurationReference = CC23E36D81B41F8B97E7155A /* Pods-CC-CEDICT-downloader.debug.xcconfig */;
			buildSettings = {
				ASSETCATALOG_COMPILER_APPICON_NAME = AppIcon;
				ENABLE_BITCODE = YES;
				INFOPLIST_FILE = "Targets/CDCCEDICT iOS/Info.plist";
				LD_RUNPATH_SEARCH_PATHS = "$(inherited) @executable_path/Frameworks";
				OTHER_LDFLAGS = (
					"$(inherited)",
					"-ObjC",
				);
				PRODUCT_BUNDLE_IDENTIFIER = "com.klurig.CC-CEDICT-downloader";
				PRODUCT_NAME = "$(TARGET_NAME)";
			};
			name = Debug;
		};
		85C8B7AC1BC155AA004E5F64 /* Release */ = {
			isa = XCBuildConfiguration;
			baseConfigurationReference = D93D0D87C9CB7C51767659F0 /* Pods-CC-CEDICT-downloader.release.xcconfig */;
			buildSettings = {
				ASSETCATALOG_COMPILER_APPICON_NAME = AppIcon;
				ENABLE_BITCODE = YES;
				INFOPLIST_FILE = "Targets/CDCCEDICT iOS/Info.plist";
				LD_RUNPATH_SEARCH_PATHS = "$(inherited) @executable_path/Frameworks";
				OTHER_LDFLAGS = (
					"$(inherited)",
					"-ObjC",
				);
				PRODUCT_BUNDLE_IDENTIFIER = "com.klurig.CC-CEDICT-downloader";
				PRODUCT_NAME = "$(TARGET_NAME)";
			};
			name = Release;
		};
		85C8B7AE1BC155AA004E5F64 /* Debug */ = {
			isa = XCBuildConfiguration;
			buildSettings = {
				BUNDLE_LOADER = "$(TEST_HOST)";
				INFOPLIST_FILE = "Targets/CDCCEDICT iOS tests/Info.plist";
				LD_RUNPATH_SEARCH_PATHS = "$(inherited) @executable_path/Frameworks @loader_path/Frameworks";
				PRODUCT_BUNDLE_IDENTIFIER = "com.klurig.CC-CEDICT-downloaderTests";
				PRODUCT_NAME = "$(TARGET_NAME)";
				TEST_HOST = "$(BUILT_PRODUCTS_DIR)/CC-CEDICT-downloader.app/CC-CEDICT-downloader";
			};
			name = Debug;
		};
		85C8B7AF1BC155AA004E5F64 /* Release */ = {
			isa = XCBuildConfiguration;
			buildSettings = {
				BUNDLE_LOADER = "$(TEST_HOST)";
				INFOPLIST_FILE = "Targets/CDCCEDICT iOS tests/Info.plist";
				LD_RUNPATH_SEARCH_PATHS = "$(inherited) @executable_path/Frameworks @loader_path/Frameworks";
				PRODUCT_BUNDLE_IDENTIFIER = "com.klurig.CC-CEDICT-downloaderTests";
				PRODUCT_NAME = "$(TARGET_NAME)";
				TEST_HOST = "$(BUILT_PRODUCTS_DIR)/CC-CEDICT-downloader.app/CC-CEDICT-downloader";
			};
			name = Release;
		};
/* End XCBuildConfiguration section */

/* Begin XCConfigurationList section */
		85088F101C4CD52300396A1B /* Build configuration list for PBXNativeTarget "CDCCCEDICT OS X" */ = {
			isa = XCConfigurationList;
			buildConfigurations = (
				85088F0E1C4CD52300396A1B /* Debug */,
				85088F0F1C4CD52300396A1B /* Release */,
			);
			defaultConfigurationIsVisible = 0;
			defaultConfigurationName = Release;
		};
		85C8B7831BC155AA004E5F64 /* Build configuration list for PBXProject "CC-CEDICT-downloader" */ = {
			isa = XCConfigurationList;
			buildConfigurations = (
				85C8B7A81BC155AA004E5F64 /* Debug */,
				85C8B7A91BC155AA004E5F64 /* Release */,
			);
			defaultConfigurationIsVisible = 0;
			defaultConfigurationName = Release;
		};
		85C8B7AA1BC155AA004E5F64 /* Build configuration list for PBXNativeTarget "CC-CEDICT-downloader" */ = {
			isa = XCConfigurationList;
			buildConfigurations = (
				85C8B7AB1BC155AA004E5F64 /* Debug */,
				85C8B7AC1BC155AA004E5F64 /* Release */,
			);
			defaultConfigurationIsVisible = 0;
			defaultConfigurationName = Release;
		};
		85C8B7AD1BC155AA004E5F64 /* Build configuration list for PBXNativeTarget "CC-CEDICT-downloaderTests" */ = {
			isa = XCConfigurationList;
			buildConfigurations = (
				85C8B7AE1BC155AA004E5F64 /* Debug */,
				85C8B7AF1BC155AA004E5F64 /* Release */,
			);
			defaultConfigurationIsVisible = 0;
			defaultConfigurationName = Release;
		};
/* End XCConfigurationList section */

/* Begin XCVersionGroup section */
		85088F051C4CD52300396A1B /* CDCCEDICT_OS_X.xcdatamodeld */ = {
			isa = XCVersionGroup;
			children = (
				85088F061C4CD52300396A1B /* CDCCEDICT_OS_X.xcdatamodel */,
			);
			currentVersion = 85088F061C4CD52300396A1B /* CDCCEDICT_OS_X.xcdatamodel */;
			path = CDCCEDICT_OS_X.xcdatamodeld;
			sourceTree = "<group>";
			versionGroupType = wrapper.xcdatamodel;
		};
		85C8B7B01BC155C9004E5F64 /* CC-CEDICT.xcdatamodeld */ = {
			isa = XCVersionGroup;
			children = (
				85C8B7B11BC155C9004E5F64 /* CC-CEDICT.xcdatamodel */,
			);
			currentVersion = 85C8B7B11BC155C9004E5F64 /* CC-CEDICT.xcdatamodel */;
			path = "CC-CEDICT.xcdatamodeld";
			sourceTree = "<group>";
			versionGroupType = wrapper.xcdatamodel;
		};
/* End XCVersionGroup section */
	};
	rootObject = 85C8B7801BC155AA004E5F64 /* Project object */;
}
